
Microsoft Visual Studio Solution File, Format Version 12.00
# Visual Studio Version 17
VisualStudioVersion = 17.0.31903.59
MinimumVisualStudioVersion = 10.0.40219.1
Project("{2150E333-8FDC-42A3-9474-1A3956D46DE8}") = "src", "src", "{827E0CD3-B72D-47B6-A68D-7590B98EB39B}"
EndProject
Project("{2150E333-8FDC-42A3-9474-1A3956D46DE8}") = "Solution Items", "Solution Items", "{089100B1-113F-4E66-888A-E83F3999EAFD}"
	ProjectSection(SolutionItems) = preProject
		Directory.Build.props = Directory.Build.props
		Directory.Packages.props = Directory.Packages.props
		Directory.Build.targets = Directory.Build.targets
		.gitignore = .gitignore
	EndProjectSection
EndProject
Project("{FAE04EC0-301F-11D3-BF4B-00C04F79EFBC}") = "ECommerce.AppHost", "src\ECommerce.AppHost\ECommerce.AppHost.csproj", "{A0F973B8-4674-4C3C-B0D8-3D77D67DF445}"
EndProject
Project("{2150E333-8FDC-42A3-9474-1A3956D46DE8}") = "BuildingBlocks", "BuildingBlocks", "{90298CBA-BD6F-3A0A-69D5-97CAD7B05E7E}"
EndProject
Project("{FAE04EC0-301F-11D3-BF4B-00C04F79EFBC}") = "BuildingBlocks", "src\BuildingBlocks\BuildingBlocks\BuildingBlocks.csproj", "{ABFB3DD6-EE35-42E9-AC3C-D3C2AA97695B}"
EndProject
Project("{FAE04EC0-301F-11D3-BF4B-00C04F79EFBC}") = "BuildingBlocks.Messaging", "src\BuildingBlocks\BuildingBlocks.Messaging\BuildingBlocks.Messaging.csproj", "{5404E99A-0253-4882-BA6F-5D7C509C6D6B}"
EndProject
Project("{2150E333-8FDC-42A3-9474-1A3956D46DE8}") = "Services", "Services", "{984BB9B3-3FA3-BE33-9484-CAC21695A33C}"
EndProject
Project("{2150E333-8FDC-42A3-9474-1A3956D46DE8}") = "Catalog", "Catalog", "{C91C1CF1-1625-0789-F869-53D87D6277BA}"
EndProject
Project("{FAE04EC0-301F-11D3-BF4B-00C04F79EFBC}") = "Catalog.API", "src\Services\Catalog\Catalog.API\Catalog.API.csproj", "{7A91DAD0-1FFD-4BCF-BF38-BAA5DAC84750}"
EndProject
Project("{2150E333-8FDC-42A3-9474-1A3956D46DE8}") = "Basket", "Basket", "{6C0557C3-B1C9-A54D-46F8-F4FBBDE30E30}"
EndProject
Project("{FAE04EC0-301F-11D3-BF4B-00C04F79EFBC}") = "Basket.API", "src\Services\Basket\Basket.API\Basket.API.csproj", "{2E9B4E4D-3286-4C77-8D9C-868585C6AB16}"
EndProject
Project("{2150E333-8FDC-42A3-9474-1A3956D46DE8}") = "Ordering", "Ordering", "{D3BAB01C-7F3F-8576-96BE-8BE70C9B9915}"
EndProject
Project("{FAE04EC0-301F-11D3-BF4B-00C04F79EFBC}") = "Ordering.API", "src\Services\Ordering\Ordering.API\Ordering.API.csproj", "{03F6EF0E-BBEB-47F5-BC53-59F5CCB0DDD5}"
EndProject
Project("{2150E333-8FDC-42A3-9474-1A3956D46DE8}") = "Identity", "Identity", "{1BFC9479-12BF-35C3-06B8-42D89D95092B}"
EndProject
Project("{FAE04EC0-301F-11D3-BF4B-00C04F79EFBC}") = "Identity.API", "src\Services\Identity\Identity.API\Identity.API.csproj", "{844999D5-C653-4702-8406-2E188E75BB0C}"
EndProject
Project("{2150E333-8FDC-42A3-9474-1A3956D46DE8}") = "Payment", "Payment", "{3FB03296-F262-2760-9861-73C41AF3766C}"
EndProject
Project("{FAE04EC0-301F-11D3-BF4B-00C04F79EFBC}") = "Payment.API", "src\Services\Payment\Payment.API\Payment.API.csproj", "{8C34154A-2F3F-4D72-83DD-E5F891084BC3}"
EndProject
Project("{2150E333-8FDC-42A3-9474-1A3956D46DE8}") = "Gateway", "Gateway", "{40D82F4B-B633-3F95-724A-860306E6F4AA}"
EndProject
Project("{FAE04EC0-301F-11D3-BF4B-00C04F79EFBC}") = "Yarp.Gateway", "src\Services\Gateway\Yarp.Gateway\Yarp.Gateway.csproj", "{BAF6960C-A9EA-408F-9D56-86BED7BD8CDD}"
EndProject
Project("{FAE04EC0-301F-11D3-BF4B-00C04F79EFBC}") = "ECommerce.ServiceDefaults", "src\ECommerce.ServiceDefaults\ECommerce.ServiceDefaults.csproj", "{362796BA-455F-461B-A294-11A1FB1FA153}"
EndProject
Global
	GlobalSection(SolutionConfigurationPlatforms) = preSolution
		Debug|Any CPU = Debug|Any CPU
		Debug|x64 = Debug|x64
		Debug|x86 = Debug|x86
		Release|Any CPU = Release|Any CPU
		Release|x64 = Release|x64
		Release|x86 = Release|x86
	EndGlobalSection
	GlobalSection(ProjectConfigurationPlatforms) = postSolution
		{A0F973B8-4674-4C3C-B0D8-3D77D67DF445}.Debug|Any CPU.ActiveCfg = Debug|Any CPU
		{A0F973B8-4674-4C3C-B0D8-3D77D67DF445}.Debug|Any CPU.Build.0 = Debug|Any CPU
		{A0F973B8-4674-4C3C-B0D8-3D77D67DF445}.Debug|x64.ActiveCfg = Debug|Any CPU
		{A0F973B8-4674-4C3C-B0D8-3D77D67DF445}.Debug|x64.Build.0 = Debug|Any CPU
		{A0F973B8-4674-4C3C-B0D8-3D77D67DF445}.Debug|x86.ActiveCfg = Debug|Any CPU
		{A0F973B8-4674-4C3C-B0D8-3D77D67DF445}.Debug|x86.Build.0 = Debug|Any CPU
		{A0F973B8-4674-4C3C-B0D8-3D77D67DF445}.Release|Any CPU.ActiveCfg = Release|Any CPU
		{A0F973B8-4674-4C3C-B0D8-3D77D67DF445}.Release|Any CPU.Build.0 = Release|Any CPU
		{A0F973B8-4674-4C3C-B0D8-3D77D67DF445}.Release|x64.ActiveCfg = Release|Any CPU
		{A0F973B8-4674-4C3C-B0D8-3D77D67DF445}.Release|x64.Build.0 = Release|Any CPU
		{A0F973B8-4674-4C3C-B0D8-3D77D67DF445}.Release|x86.ActiveCfg = Release|Any CPU
		{A0F973B8-4674-4C3C-B0D8-3D77D67DF445}.Release|x86.Build.0 = Release|Any CPU
		{ABFB3DD6-EE35-42E9-AC3C-D3C2AA97695B}.Debug|Any CPU.ActiveCfg = Debug|Any CPU
		{ABFB3DD6-EE35-42E9-AC3C-D3C2AA97695B}.Debug|Any CPU.Build.0 = Debug|Any CPU
		{ABFB3DD6-EE35-42E9-AC3C-D3C2AA97695B}.Debug|x64.ActiveCfg = Debug|Any CPU
		{ABFB3DD6-EE35-42E9-AC3C-D3C2AA97695B}.Debug|x64.Build.0 = Debug|Any CPU
		{ABFB3DD6-EE35-42E9-AC3C-D3C2AA97695B}.Debug|x86.ActiveCfg = Debug|Any CPU
		{ABFB3DD6-EE35-42E9-AC3C-D3C2AA97695B}.Debug|x86.Build.0 = Debug|Any CPU
		{ABFB3DD6-EE35-42E9-AC3C-D3C2AA97695B}.Release|Any CPU.ActiveCfg = Release|Any CPU
		{ABFB3DD6-EE35-42E9-AC3C-D3C2AA97695B}.Release|Any CPU.Build.0 = Release|Any CPU
		{ABFB3DD6-EE35-42E9-AC3C-D3C2AA97695B}.Release|x64.ActiveCfg = Release|Any CPU
		{ABFB3DD6-EE35-42E9-AC3C-D3C2AA97695B}.Release|x64.Build.0 = Release|Any CPU
		{ABFB3DD6-EE35-42E9-AC3C-D3C2AA97695B}.Release|x86.ActiveCfg = Release|Any CPU
		{ABFB3DD6-EE35-42E9-AC3C-D3C2AA97695B}.Release|x86.Build.0 = Release|Any CPU
		{5404E99A-0253-4882-BA6F-5D7C509C6D6B}.Debug|Any CPU.ActiveCfg = Debug|Any CPU
		{5404E99A-0253-4882-BA6F-5D7C509C6D6B}.Debug|Any CPU.Build.0 = Debug|Any CPU
		{5404E99A-0253-4882-BA6F-5D7C509C6D6B}.Debug|x64.ActiveCfg = Debug|Any CPU
		{5404E99A-0253-4882-BA6F-5D7C509C6D6B}.Debug|x64.Build.0 = Debug|Any CPU
		{5404E99A-0253-4882-BA6F-5D7C509C6D6B}.Debug|x86.ActiveCfg = Debug|Any CPU
		{5404E99A-0253-4882-BA6F-5D7C509C6D6B}.Debug|x86.Build.0 = Debug|Any CPU
		{5404E99A-0253-4882-BA6F-5D7C509C6D6B}.Release|Any CPU.ActiveCfg = Release|Any CPU
		{5404E99A-0253-4882-BA6F-5D7C509C6D6B}.Release|Any CPU.Build.0 = Release|Any CPU
		{5404E99A-0253-4882-BA6F-5D7C509C6D6B}.Release|x64.ActiveCfg = Release|Any CPU
		{5404E99A-0253-4882-BA6F-5D7C509C6D6B}.Release|x64.Build.0 = Release|Any CPU
		{5404E99A-0253-4882-BA6F-5D7C509C6D6B}.Release|x86.ActiveCfg = Release|Any CPU
		{5404E99A-0253-4882-BA6F-5D7C509C6D6B}.Release|x86.Build.0 = Release|Any CPU
		{7A91DAD0-1FFD-4BCF-BF38-BAA5DAC84750}.Debug|Any CPU.ActiveCfg = Debug|Any CPU
		{7A91DAD0-1FFD-4BCF-BF38-BAA5DAC84750}.Debug|Any CPU.Build.0 = Debug|Any CPU
		{7A91DAD0-1FFD-4BCF-BF38-BAA5DAC84750}.Debug|x64.ActiveCfg = Debug|Any CPU
		{7A91DAD0-1FFD-4BCF-BF38-BAA5DAC84750}.Debug|x64.Build.0 = Debug|Any CPU
		{7A91DAD0-1FFD-4BCF-BF38-BAA5DAC84750}.Debug|x86.ActiveCfg = Debug|Any CPU
		{7A91DAD0-1FFD-4BCF-BF38-BAA5DAC84750}.Debug|x86.Build.0 = Debug|Any CPU
		{7A91DAD0-1FFD-4BCF-BF38-BAA5DAC84750}.Release|Any CPU.ActiveCfg = Release|Any CPU
		{7A91DAD0-1FFD-4BCF-BF38-BAA5DAC84750}.Release|Any CPU.Build.0 = Release|Any CPU
		{7A91DAD0-1FFD-4BCF-BF38-BAA5DAC84750}.Release|x64.ActiveCfg = Release|Any CPU
		{7A91DAD0-1FFD-4BCF-BF38-BAA5DAC84750}.Release|x64.Build.0 = Release|Any CPU
		{7A91DAD0-1FFD-4BCF-BF38-BAA5DAC84750}.Release|x86.ActiveCfg = Release|Any CPU
		{7A91DAD0-1FFD-4BCF-BF38-BAA5DAC84750}.Release|x86.Build.0 = Release|Any CPU
		{2E9B4E4D-3286-4C77-8D9C-868585C6AB16}.Debug|Any CPU.ActiveCfg = Debug|Any CPU
		{2E9B4E4D-3286-4C77-8D9C-868585C6AB16}.Debug|Any CPU.Build.0 = Debug|Any CPU
		{2E9B4E4D-3286-4C77-8D9C-868585C6AB16}.Debug|x64.ActiveCfg = Debug|Any CPU
		{2E9B4E4D-3286-4C77-8D9C-868585C6AB16}.Debug|x64.Build.0 = Debug|Any CPU
		{2E9B4E4D-3286-4C77-8D9C-868585C6AB16}.Debug|x86.ActiveCfg = Debug|Any CPU
		{2E9B4E4D-3286-4C77-8D9C-868585C6AB16}.Debug|x86.Build.0 = Debug|Any CPU
		{2E9B4E4D-3286-4C77-8D9C-868585C6AB16}.Release|Any CPU.ActiveCfg = Release|Any CPU
		{2E9B4E4D-3286-4C77-8D9C-868585C6AB16}.Release|Any CPU.Build.0 = Release|Any CPU
		{2E9B4E4D-3286-4C77-8D9C-868585C6AB16}.Release|x64.ActiveCfg = Release|Any CPU
		{2E9B4E4D-3286-4C77-8D9C-868585C6AB16}.Release|x64.Build.0 = Release|Any CPU
		{2E9B4E4D-3286-4C77-8D9C-868585C6AB16}.Release|x86.ActiveCfg = Release|Any CPU
		{2E9B4E4D-3286-4C77-8D9C-868585C6AB16}.Release|x86.Build.0 = Release|Any CPU
		{03F6EF0E-BBEB-47F5-BC53-59F5CCB0DDD5}.Debug|Any CPU.ActiveCfg = Debug|Any CPU
		{03F6EF0E-BBEB-47F5-BC53-59F5CCB0DDD5}.Debug|Any CPU.Build.0 = Debug|Any CPU
		{03F6EF0E-BBEB-47F5-BC53-59F5CCB0DDD5}.Debug|x64.ActiveCfg = Debug|Any CPU
		{03F6EF0E-BBEB-47F5-BC53-59F5CCB0DDD5}.Debug|x64.Build.0 = Debug|Any CPU
		{03F6EF0E-BBEB-47F5-BC53-59F5CCB0DDD5}.Debug|x86.ActiveCfg = Debug|Any CPU
		{03F6EF0E-BBEB-47F5-BC53-59F5CCB0DDD5}.Debug|x86.Build.0 = Debug|Any CPU
		{03F6EF0E-BBEB-47F5-BC53-59F5CCB0DDD5}.Release|Any CPU.ActiveCfg = Release|Any CPU
		{03F6EF0E-BBEB-47F5-BC53-59F5CCB0DDD5}.Release|Any CPU.Build.0 = Release|Any CPU
		{03F6EF0E-BBEB-47F5-BC53-59F5CCB0DDD5}.Release|x64.ActiveCfg = Release|Any CPU
		{03F6EF0E-BBEB-47F5-BC53-59F5CCB0DDD5}.Release|x64.Build.0 = Release|Any CPU
		{03F6EF0E-BBEB-47F5-BC53-59F5CCB0DDD5}.Release|x86.ActiveCfg = Release|Any CPU
		{03F6EF0E-BBEB-47F5-BC53-59F5CCB0DDD5}.Release|x86.Build.0 = Release|Any CPU
		{844999D5-C653-4702-8406-2E188E75BB0C}.Debug|Any CPU.ActiveCfg = Debug|Any CPU
		{844999D5-C653-4702-8406-2E188E75BB0C}.Debug|Any CPU.Build.0 = Debug|Any CPU
		{844999D5-C653-4702-8406-2E188E75BB0C}.Debug|x64.ActiveCfg = Debug|Any CPU
		{844999D5-C653-4702-8406-2E188E75BB0C}.Debug|x64.Build.0 = Debug|Any CPU
		{844999D5-C653-4702-8406-2E188E75BB0C}.Debug|x86.ActiveCfg = Debug|Any CPU
		{844999D5-C653-4702-8406-2E188E75BB0C}.Debug|x86.Build.0 = Debug|Any CPU
		{844999D5-C653-4702-8406-2E188E75BB0C}.Release|Any CPU.ActiveCfg = Release|Any CPU
		{844999D5-C653-4702-8406-2E188E75BB0C}.Release|Any CPU.Build.0 = Release|Any CPU
		{844999D5-C653-4702-8406-2E188E75BB0C}.Release|x64.ActiveCfg = Release|Any CPU
		{844999D5-C653-4702-8406-2E188E75BB0C}.Release|x64.Build.0 = Release|Any CPU
		{844999D5-C653-4702-8406-2E188E75BB0C}.Release|x86.ActiveCfg = Release|Any CPU
		{844999D5-C653-4702-8406-2E188E75BB0C}.Release|x86.Build.0 = Release|Any CPU
		{8C34154A-2F3F-4D72-83DD-E5F891084BC3}.Debug|Any CPU.ActiveCfg = Debug|Any CPU
		{8C34154A-2F3F-4D72-83DD-E5F891084BC3}.Debug|Any CPU.Build.0 = Debug|Any CPU
		{8C34154A-2F3F-4D72-83DD-E5F891084BC3}.Debug|x64.ActiveCfg = Debug|Any CPU
		{8C34154A-2F3F-4D72-83DD-E5F891084BC3}.Debug|x64.Build.0 = Debug|Any CPU
		{8C34154A-2F3F-4D72-83DD-E5F891084BC3}.Debug|x86.ActiveCfg = Debug|Any CPU
		{8C34154A-2F3F-4D72-83DD-E5F891084BC3}.Debug|x86.Build.0 = Debug|Any CPU
		{8C34154A-2F3F-4D72-83DD-E5F891084BC3}.Release|Any CPU.ActiveCfg = Release|Any CPU
		{8C34154A-2F3F-4D72-83DD-E5F891084BC3}.Release|Any CPU.Build.0 = Release|Any CPU
		{8C34154A-2F3F-4D72-83DD-E5F891084BC3}.Release|x64.ActiveCfg = Release|Any CPU
		{8C34154A-2F3F-4D72-83DD-E5F891084BC3}.Release|x64.Build.0 = Release|Any CPU
		{8C34154A-2F3F-4D72-83DD-E5F891084BC3}.Release|x86.ActiveCfg = Release|Any CPU
		{8C34154A-2F3F-4D72-83DD-E5F891084BC3}.Release|x86.Build.0 = Release|Any CPU
		{BAF6960C-A9EA-408F-9D56-86BED7BD8CDD}.Debug|Any CPU.ActiveCfg = Debug|Any CPU
		{BAF6960C-A9EA-408F-9D56-86BED7BD8CDD}.Debug|Any CPU.Build.0 = Debug|Any CPU
		{BAF6960C-A9EA-408F-9D56-86BED7BD8CDD}.Debug|x64.ActiveCfg = Debug|Any CPU
		{BAF6960C-A9EA-408F-9D56-86BED7BD8CDD}.Debug|x64.Build.0 = Debug|Any CPU
		{BAF6960C-A9EA-408F-9D56-86BED7BD8CDD}.Debug|x86.ActiveCfg = Debug|Any CPU
		{BAF6960C-A9EA-408F-9D56-86BED7BD8CDD}.Debug|x86.Build.0 = Debug|Any CPU
		{BAF6960C-A9EA-408F-9D56-86BED7BD8CDD}.Release|Any CPU.ActiveCfg = Release|Any CPU
		{BAF6960C-A9EA-408F-9D56-86BED7BD8CDD}.Release|Any CPU.Build.0 = Release|Any CPU
		{BAF6960C-A9EA-408F-9D56-86BED7BD8CDD}.Release|x64.ActiveCfg = Release|Any CPU
		{BAF6960C-A9EA-408F-9D56-86BED7BD8CDD}.Release|x64.Build.0 = Release|Any CPU
		{BAF6960C-A9EA-408F-9D56-86BED7BD8CDD}.Release|x86.ActiveCfg = Release|Any CPU
		{BAF6960C-A9EA-408F-9D56-86BED7BD8CDD}.Release|x86.Build.0 = Release|Any CPU
		{362796BA-455F-461B-A294-11A1FB1FA153}.Debug|Any CPU.ActiveCfg = Debug|Any CPU
		{362796BA-455F-461B-A294-11A1FB1FA153}.Debug|Any CPU.Build.0 = Debug|Any CPU
		{362796BA-455F-461B-A294-11A1FB1FA153}.Debug|x64.ActiveCfg = Debug|Any CPU
		{362796BA-455F-461B-A294-11A1FB1FA153}.Debug|x64.Build.0 = Debug|Any CPU
		{362796BA-455F-461B-A294-11A1FB1FA153}.Debug|x86.ActiveCfg = Debug|Any CPU
		{362796BA-455F-461B-A294-11A1FB1FA153}.Debug|x86.Build.0 = Debug|Any CPU
		{362796BA-455F-461B-A294-11A1FB1FA153}.Release|Any CPU.ActiveCfg = Release|Any CPU
		{362796BA-455F-461B-A294-11A1FB1FA153}.Release|Any CPU.Build.0 = Release|Any CPU
		{362796BA-455F-461B-A294-11A1FB1FA153}.Release|x64.ActiveCfg = Release|Any CPU
		{362796BA-455F-461B-A294-11A1FB1FA153}.Release|x64.Build.0 = Release|Any CPU
		{362796BA-455F-461B-A294-11A1FB1FA153}.Release|x86.ActiveCfg = Release|Any CPU
		{362796BA-455F-461B-A294-11A1FB1FA153}.Release|x86.Build.0 = Release|Any CPU
	EndGlobalSection
	GlobalSection(SolutionProperties) = preSolution
		HideSolutionNode = FALSE
	EndGlobalSection
	GlobalSection(NestedProjects) = preSolution
		{A0F973B8-4674-4C3C-B0D8-3D77D67DF445} = {827E0CD3-B72D-47B6-A68D-7590B98EB39B}
		{90298CBA-BD6F-3A0A-69D5-97CAD7B05E7E} = {827E0CD3-B72D-47B6-A68D-7590B98EB39B}
		{ABFB3DD6-EE35-42E9-AC3C-D3C2AA97695B} = {90298CBA-BD6F-3A0A-69D5-97CAD7B05E7E}
		{5404E99A-0253-4882-BA6F-5D7C509C6D6B} = {90298CBA-BD6F-3A0A-69D5-97CAD7B05E7E}
		{984BB9B3-3FA3-BE33-9484-CAC21695A33C} = {827E0CD3-B72D-47B6-A68D-7590B98EB39B}
		{C91C1CF1-1625-0789-F869-53D87D6277BA} = {984BB9B3-3FA3-BE33-9484-CAC21695A33C}
		{7A91DAD0-1FFD-4BCF-BF38-BAA5DAC84750} = {C91C1CF1-1625-0789-F869-53D87D6277BA}
		{6C0557C3-B1C9-A54D-46F8-F4FBBDE30E30} = {984BB9B3-3FA3-BE33-9484-CAC21695A33C}
		{2E9B4E4D-3286-4C77-8D9C-868585C6AB16} = {6C0557C3-B1C9-A54D-46F8-F4FBBDE30E30}
		{D3BAB01C-7F3F-8576-96BE-8BE70C9B9915} = {984BB9B3-3FA3-BE33-9484-CAC21695A33C}
		{03F6EF0E-BBEB-47F5-BC53-59F5CCB0DDD5} = {D3BAB01C-7F3F-8576-96BE-8BE70C9B9915}
		{1BFC9479-12BF-35C3-06B8-42D89D95092B} = {984BB9B3-3FA3-BE33-9484-CAC21695A33C}
		{844999D5-C653-4702-8406-2E188E75BB0C} = {1BFC9479-12BF-35C3-06B8-42D89D95092B}
		{3FB03296-F262-2760-9861-73C41AF3766C} = {984BB9B3-3FA3-BE33-9484-CAC21695A33C}
		{8C34154A-2F3F-4D72-83DD-E5F891084BC3} = {3FB03296-F262-2760-9861-73C41AF3766C}
		{40D82F4B-B633-3F95-724A-860306E6F4AA} = {984BB9B3-3FA3-BE33-9484-CAC21695A33C}
		{BAF6960C-A9EA-408F-9D56-86BED7BD8CDD} = {40D82F4B-B633-3F95-724A-860306E6F4AA}
		{362796BA-455F-461B-A294-11A1FB1FA153} = {827E0CD3-B72D-47B6-A68D-7590B98EB39B}
	EndGlobalSection
EndGlobal
